
Microsoft Visual Studio Solution File, Format Version 12.00
# Visual Studio Version 16
VisualStudioVersion = 16.0.30717.126
MinimumVisualStudioVersion = 10.0.40219.1
Project("{E24C65DC-7377-472B-9ABA-BC803B73C61A}") = "docs", "docs\", "{E4523606-9F87-41A3-9246-FCC06CB2A662}"
	ProjectSection(WebsiteProperties) = preProject
		TargetFrameworkMoniker = ".NETFramework,Version%3Dv4.0"
		Debug.AspNetCompiler.VirtualPath = "/localhost_61407"
		Debug.AspNetCompiler.PhysicalPath = "docs\"
		Debug.AspNetCompiler.TargetPath = "PrecompiledWeb\localhost_61407\"
		Debug.AspNetCompiler.Updateable = "true"
		Debug.AspNetCompiler.ForceOverwrite = "true"
		Debug.AspNetCompiler.FixedNames = "false"
		Debug.AspNetCompiler.Debug = "True"
		Release.AspNetCompiler.VirtualPath = "/localhost_61407"
		Release.AspNetCompiler.PhysicalPath = "docs\"
		Release.AspNetCompiler.TargetPath = "PrecompiledWeb\localhost_61407\"
		Release.AspNetCompiler.Updateable = "true"
		Release.AspNetCompiler.ForceOverwrite = "true"
		Release.AspNetCompiler.FixedNames = "false"
		Release.AspNetCompiler.Debug = "False"
		VWDPort = "61407"
		SlnRelativePath = "docs\"
	EndProjectSection
EndProject
Project("{E24C65DC-7377-472B-9ABA-BC803B73C61A}") = "source", "source\", "{94501304-8037-4D48-A58C-9D3CF7DC0144}"
	ProjectSection(WebsiteProperties) = preProject
		TargetFrameworkMoniker = ".NETFramework,Version%3Dv4.0"
		Debug.AspNetCompiler.VirtualPath = "/localhost_61497"
		Debug.AspNetCompiler.PhysicalPath = "source\"
		Debug.AspNetCompiler.TargetPath = "PrecompiledWeb\localhost_61497\"
		Debug.AspNetCompiler.Updateable = "true"
		Debug.AspNetCompiler.ForceOverwrite = "true"
		Debug.AspNetCompiler.FixedNames = "false"
		Debug.AspNetCompiler.Debug = "True"
		Release.AspNetCompiler.VirtualPath = "/localhost_61497"
		Release.AspNetCompiler.PhysicalPath = "source\"
		Release.AspNetCompiler.TargetPath = "PrecompiledWeb\localhost_61497\"
		Release.AspNetCompiler.Updateable = "true"
		Release.AspNetCompiler.ForceOverwrite = "true"
		Release.AspNetCompiler.FixedNames = "false"
		Release.AspNetCompiler.Debug = "False"
		VWDPort = "61497"
		SlnRelativePath = "source\"
	EndProjectSection
EndProject
Project("{2150E333-8FDC-42A3-9474-1A3956D46DE8}") = "Solution Items", "Solution Items", "{70317F3D-4185-49B0-B4C2-6DB834723A50}"
	ProjectSection(SolutionItems) = preProject
		hives.json = hives.json
	EndProjectSection
EndProject
Project("{9A19103F-16F7-4668-BE54-9A1E7A4F7556}") = "AngryMonkey", "..\AngryMonkey\AngryMonkey\AngryMonkey.csproj", "{BCC92DC2-CD15-46C6-ADFC-518B9FBED731}"
EndProject
Global
	GlobalSection(SolutionConfigurationPlatforms) = preSolution
		Debug|Any CPU = Debug|Any CPU
		Release|Any CPU = Release|Any CPU
	EndGlobalSection
	GlobalSection(ProjectConfigurationPlatforms) = postSolution
		{E4523606-9F87-41A3-9246-FCC06CB2A662}.Debug|Any CPU.ActiveCfg = Debug|Any CPU
		{E4523606-9F87-41A3-9246-FCC06CB2A662}.Debug|Any CPU.Build.0 = Debug|Any CPU
		{E4523606-9F87-41A3-9246-FCC06CB2A662}.Release|Any CPU.ActiveCfg = Debug|Any CPU
		{E4523606-9F87-41A3-9246-FCC06CB2A662}.Release|Any CPU.Build.0 = Debug|Any CPU
		{94501304-8037-4D48-A58C-9D3CF7DC0144}.Debug|Any CPU.ActiveCfg = Debug|Any CPU
		{94501304-8037-4D48-A58C-9D3CF7DC0144}.Debug|Any CPU.Build.0 = Debug|Any CPU
		{94501304-8037-4D48-A58C-9D3CF7DC0144}.Release|Any CPU.ActiveCfg = Debug|Any CPU
		{94501304-8037-4D48-A58C-9D3CF7DC0144}.Release|Any CPU.Build.0 = Debug|Any CPU
		{BCC92DC2-CD15-46C6-ADFC-518B9FBED731}.Debug|Any CPU.ActiveCfg = Debug|Any CPU
		{BCC92DC2-CD15-46C6-ADFC-518B9FBED731}.Debug|Any CPU.Build.0 = Debug|Any CPU
		{BCC92DC2-CD15-46C6-ADFC-518B9FBED731}.Release|Any CPU.ActiveCfg = Release|Any CPU
		{BCC92DC2-CD15-46C6-ADFC-518B9FBED731}.Release|Any CPU.Build.0 = Release|Any CPU
	EndGlobalSection
	GlobalSection(SolutionProperties) = preSolution
		HideSolutionNode = FALSE
	EndGlobalSection
	GlobalSection(ExtensibilityGlobals) = postSolution
		SolutionGuid = {7CC866B9-0840-432B-B718-C586C1170214}
	EndGlobalSection
EndGlobal
